
Microsoft Visual Studio Solution File, Format Version 12.00
# Visual Studio Version 16
VisualStudioVersion = 16.0.29905.134
MinimumVisualStudioVersion = 10.0.40219.1
Project("{FAE04EC0-301F-11D3-BF4B-00C04F79EFBC}") = "LinuxSecurityBot", "LinuxSecurityBot\LinuxSecurityBot.csproj", "{C9A6826E-30E1-400F-A509-13372D0C330B}"
EndProject
Global
	GlobalSection(SolutionConfigurationPlatforms) = preSolution
		Debug|Any CPU = Debug|Any CPU
		Release|Any CPU = Release|Any CPU
	EndGlobalSection
	GlobalSection(ProjectConfigurationPlatforms) = postSolution
		{C9A6826E-30E1-400F-A509-13372D0C330B}.Debug|Any CPU.ActiveCfg = Debug|Any CPU
		{C9A6826E-30E1-400F-A509-13372D0C330B}.Debug|Any CPU.Build.0 = Debug|Any CPU
		{C9A6826E-30E1-400F-A509-13372D0C330B}.Release|Any CPU.ActiveCfg = Release|Any CPU
		{C9A6826E-30E1-400F-A509-13372D0C330B}.Release|Any CPU.Build.0 = Release|Any CPU
	EndGlobalSection
	GlobalSection(SolutionProperties) = preSolution
		HideSolutionNode = FALSE
	EndGlobalSection
	GlobalSection(ExtensibilityGlobals) = postSolution
		SolutionGuid = {57D43825-5DC6-46BB-8B5F-A50CC4ABD579}
	EndGlobalSection
EndGlobal
